
Microsoft Visual Studio Solution File, Format Version 12.00
# Visual Studio Version 17
VisualStudioVersion = 17.0.31903.59
MinimumVisualStudioVersion = 10.0.40219.1
Project("{2150E333-8FDC-42A3-9474-1A3956D46DE8}") = "src", "src", "{5DD0DB1B-7F6B-42F7-B2FA-078809C71ACE}"
EndProject
Project("{FAE04EC0-301F-11D3-BF4B-00C04F79EFBC}") = "DiskSizeGrowthMon", "src\DiskSizeGrowthMon\DiskSizeGrowthMon.csproj", "{9C1EA354-5733-4636-9414-5C2FA60D8AC0}"
EndProject
Project("{2150E333-8FDC-42A3-9474-1A3956D46DE8}") = "tests", "tests", "{B179F098-1AA5-4EFC-8835-1D0433F55FD0}"
EndProject
Project("{FAE04EC0-301F-11D3-BF4B-00C04F79EFBC}") = "SmokeTests", "tests\SmokeTests\SmokeTests.csproj", "{B967E653-A91D-4EDE-B964-F6AE5A91711B}"
EndProject
Global
	GlobalSection(SolutionConfigurationPlatforms) = preSolution
		Debug|Any CPU = Debug|Any CPU
		Release|Any CPU = Release|Any CPU
	EndGlobalSection
	GlobalSection(SolutionProperties) = preSolution
		HideSolutionNode = FALSE
	EndGlobalSection
	GlobalSection(ProjectConfigurationPlatforms) = postSolution
		{9C1EA354-5733-4636-9414-5C2FA60D8AC0}.Debug|Any CPU.ActiveCfg = Debug|Any CPU
		{9C1EA354-5733-4636-9414-5C2FA60D8AC0}.Debug|Any CPU.Build.0 = Debug|Any CPU
		{9C1EA354-5733-4636-9414-5C2FA60D8AC0}.Release|Any CPU.ActiveCfg = Release|Any CPU
		{9C1EA354-5733-4636-9414-5C2FA60D8AC0}.Release|Any CPU.Build.0 = Release|Any CPU
		{B967E653-A91D-4EDE-B964-F6AE5A91711B}.Debug|Any CPU.ActiveCfg = Debug|Any CPU
		{B967E653-A91D-4EDE-B964-F6AE5A91711B}.Debug|Any CPU.Build.0 = Debug|Any CPU
		{B967E653-A91D-4EDE-B964-F6AE5A91711B}.Release|Any CPU.ActiveCfg = Release|Any CPU
		{B967E653-A91D-4EDE-B964-F6AE5A91711B}.Release|Any CPU.Build.0 = Release|Any CPU
	EndGlobalSection
	GlobalSection(NestedProjects) = preSolution
		{9C1EA354-5733-4636-9414-5C2FA60D8AC0} = {5DD0DB1B-7F6B-42F7-B2FA-078809C71ACE}
		{B967E653-A91D-4EDE-B964-F6AE5A91711B} = {B179F098-1AA5-4EFC-8835-1D0433F55FD0}
	EndGlobalSection
EndGlobal
